
Microsoft Visual Studio Solution File, Format Version 12.00
# Visual Studio Version 16
VisualStudioVersion = 16.0.31515.178
MinimumVisualStudioVersion = 10.0.40219.1
Project("{FAE04EC0-301F-11D3-BF4B-00C04F79EFBC}") = "WebApplication15.Server", "WebApplication15\Server\WebApplication15.Server.csproj", "{58E098CC-2781-4448-BCC0-C146B50AA7EB}"
EndProject
Project("{FAE04EC0-301F-11D3-BF4B-00C04F79EFBC}") = "WebApplication15.Client", "WebApplication15\Client\WebApplication15.Client.csproj", "{BE7E6AFB-FA14-4D23-BA99-674E25EF800A}"
EndProject
Project("{FAE04EC0-301F-11D3-BF4B-00C04F79EFBC}") = "WebApplication15.Shared", "WebApplication15\Shared\WebApplication15.Shared.csproj", "{2A78E064-5674-4144-9E08-A12821445C7A}"
EndProject
Global
	GlobalSection(SolutionConfigurationPlatforms) = preSolution
		Debug|Any CPU = Debug|Any CPU
		Release|Any CPU = Release|Any CPU
	EndGlobalSection
	GlobalSection(ProjectConfigurationPlatforms) = postSolution
		{58E098CC-2781-4448-BCC0-C146B50AA7EB}.Debug|Any CPU.ActiveCfg = Debug|Any CPU
		{58E098CC-2781-4448-BCC0-C146B50AA7EB}.Debug|Any CPU.Build.0 = Debug|Any CPU
		{58E098CC-2781-4448-BCC0-C146B50AA7EB}.Release|Any CPU.ActiveCfg = Release|Any CPU
		{58E098CC-2781-4448-BCC0-C146B50AA7EB}.Release|Any CPU.Build.0 = Release|Any CPU
		{BE7E6AFB-FA14-4D23-BA99-674E25EF800A}.Debug|Any CPU.ActiveCfg = Debug|Any CPU
		{BE7E6AFB-FA14-4D23-BA99-674E25EF800A}.Debug|Any CPU.Build.0 = Debug|Any CPU
		{BE7E6AFB-FA14-4D23-BA99-674E25EF800A}.Release|Any CPU.ActiveCfg = Release|Any CPU
		{BE7E6AFB-FA14-4D23-BA99-674E25EF800A}.Release|Any CPU.Build.0 = Release|Any CPU
		{2A78E064-5674-4144-9E08-A12821445C7A}.Debug|Any CPU.ActiveCfg = Debug|Any CPU
		{2A78E064-5674-4144-9E08-A12821445C7A}.Debug|Any CPU.Build.0 = Debug|Any CPU
		{2A78E064-5674-4144-9E08-A12821445C7A}.Release|Any CPU.ActiveCfg = Release|Any CPU
		{2A78E064-5674-4144-9E08-A12821445C7A}.Release|Any CPU.Build.0 = Release|Any CPU
	EndGlobalSection
	GlobalSection(SolutionProperties) = preSolution
		HideSolutionNode = FALSE
	EndGlobalSection
	GlobalSection(ExtensibilityGlobals) = postSolution
		SolutionGuid = {F5314510-F975-45E5-B133-04B63DFC8B8B}
	EndGlobalSection
EndGlobal
